
Microsoft Visual Studio Solution File, Format Version 12.00
# Visual Studio Version 16
VisualStudioVersion = 16.0.29709.97
MinimumVisualStudioVersion = 10.0.40219.1
Project("{2150E333-8FDC-42A3-9474-1A3956D46DE8}") = "Solution Items", "Solution Items", "{A0E84212-D633-4CD8-BEA1-60743CB8BB41}"
	ProjectSection(SolutionItems) = preProject
		.gitignore = .gitignore
		.github\workflows\build.yml = .github\workflows\build.yml
		CHANGELOG.md = CHANGELOG.md
		LICENSE.md = LICENSE.md
		README.md = README.md
	EndProjectSection
EndProject
Project("{9A19103F-16F7-4668-BE54-9A1E7A4F7556}") = "NewPlatform.Flexberry.ORM.GisMSSQLDataService", "NewPlatform.Flexberry.ORM.GisMSSQLDataService\NewPlatform.Flexberry.ORM.GisMSSQLDataService.csproj", "{DA294E45-5692-4930-8EEC-17D040706C02}"
EndProject
Global
	GlobalSection(SolutionConfigurationPlatforms) = preSolution
		Debug|Any CPU = Debug|Any CPU
		Release|Any CPU = Release|Any CPU
	EndGlobalSection
	GlobalSection(ProjectConfigurationPlatforms) = postSolution
		{DA294E45-5692-4930-8EEC-17D040706C02}.Debug|Any CPU.ActiveCfg = Debug|Any CPU
		{DA294E45-5692-4930-8EEC-17D040706C02}.Debug|Any CPU.Build.0 = Debug|Any CPU
		{DA294E45-5692-4930-8EEC-17D040706C02}.Release|Any CPU.ActiveCfg = Release|Any CPU
		{DA294E45-5692-4930-8EEC-17D040706C02}.Release|Any CPU.Build.0 = Release|Any CPU
	EndGlobalSection
	GlobalSection(SolutionProperties) = preSolution
		HideSolutionNode = FALSE
	EndGlobalSection
	GlobalSection(ExtensibilityGlobals) = postSolution
		EnterpriseLibraryConfigurationToolBinariesPath = packages\Unity.2.1.505.2\lib\NET35
		SolutionGuid = {3544934B-976F-4B6E-B274-3AE6039B6AC4}
	EndGlobalSection
EndGlobal
