
Microsoft Visual Studio Solution File, Format Version 12.00
# Visual Studio 14
VisualStudioVersion = 14.0.25420.1
MinimumVisualStudioVersion = 10.0.40219.1
Project("{FAE04EC0-301F-11D3-BF4B-00C04F79EFBC}") = "NewPlatform.Flexberry.ORM.GisMSSQLDataService", "NewPlatform.Flexberry.ORM.GisMSSQLDataService\NewPlatform.Flexberry.ORM.GisMSSQLDataService.csproj", "{2342564B-43C0-4D2F-9C9B-C737526F2429}"
EndProject
Project("{2150E333-8FDC-42A3-9474-1A3956D46DE8}") = "Solution Items", "Solution Items", "{A0E84212-D633-4CD8-BEA1-60743CB8BB41}"
	ProjectSection(SolutionItems) = preProject
		CHANGELOG.md = CHANGELOG.md
		LICENSE.md = LICENSE.md
		NewPlatform.Flexberry.ORM.GisMSSQLDataService.nuspec = NewPlatform.Flexberry.ORM.GisMSSQLDataService.nuspec
		NuGet.Config = NuGet.Config
		README.md = README.md
	EndProjectSection
EndProject
Global
	GlobalSection(SolutionConfigurationPlatforms) = preSolution
		Debug|Any CPU = Debug|Any CPU
		Release|Any CPU = Release|Any CPU
	EndGlobalSection
	GlobalSection(ProjectConfigurationPlatforms) = postSolution
		{2342564B-43C0-4D2F-9C9B-C737526F2429}.Debug|Any CPU.ActiveCfg = Debug|Any CPU
		{2342564B-43C0-4D2F-9C9B-C737526F2429}.Debug|Any CPU.Build.0 = Debug|Any CPU
		{2342564B-43C0-4D2F-9C9B-C737526F2429}.Release|Any CPU.ActiveCfg = Release|Any CPU
		{2342564B-43C0-4D2F-9C9B-C737526F2429}.Release|Any CPU.Build.0 = Release|Any CPU
	EndGlobalSection
	GlobalSection(SolutionProperties) = preSolution
		HideSolutionNode = FALSE
	EndGlobalSection
	GlobalSection(ExtensibilityGlobals) = postSolution
		EnterpriseLibraryConfigurationToolBinariesPath = packages\Unity.2.1.505.2\lib\NET35
	EndGlobalSection
EndGlobal
